// !$*UTF8*$!
{
	archiveVersion = 1;
	classes = {
	};
	objectVersion = 56;
	objects = {

/* Begin PBXBuildFile section */
		C51925302C21C49800329468 /* AppDelegate.swift in Sources */ = {isa = PBXBuildFile; fileRef = C519252F2C21C49800329468 /* AppDelegate.swift */; };
		C51925322C21C49800329468 /* SceneDelegate.swift in Sources */ = {isa = PBXBuildFile; fileRef = C51925312C21C49800329468 /* SceneDelegate.swift */; };
		C51925342C21C49800329468 /* ViewController.swift in Sources */ = {isa = PBXBuildFile; fileRef = C51925332C21C49800329468 /* ViewController.swift */; };
		C51925392C21C49900329468 /* Assets.xcassets in Resources */ = {isa = PBXBuildFile; fileRef = C51925382C21C49900329468 /* Assets.xcassets */; };
		C519253C2C21C49900329468 /* Base in Resources */ = {isa = PBXBuildFile; fileRef = C519253B2C21C49900329468 /* Base */; };
		C55653562C2203B500E6DC6C /* SnapKit in Frameworks */ = {isa = PBXBuildFile; productRef = C55653552C2203B500E6DC6C /* SnapKit */; };
/* End PBXBuildFile section */

/* Begin PBXFileReference section */
		C519252C2C21C49800329468 /* iOS13-HW12-AnnaButskevich.app */ = {isa = PBXFileReference; explicitFileType = wrapper.application; includeInIndex = 0; path = "iOS13-HW12-AnnaButskevich.app"; sourceTree = BUILT_PRODUCTS_DIR; };
		C519252F2C21C49800329468 /* AppDelegate.swift */ = {isa = PBXFileReference; lastKnownFileType = sourcecode.swift; path = AppDelegate.swift; sourceTree = "<group>"; };
		C51925312C21C49800329468 /* SceneDelegate.swift */ = {isa = PBXFileReference; lastKnownFileType = sourcecode.swift; path = SceneDelegate.swift; sourceTree = "<group>"; };
		C51925332C21C49800329468 /* ViewController.swift */ = {isa = PBXFileReference; lastKnownFileType = sourcecode.swift; path = ViewController.swift; sourceTree = "<group>"; };
		C51925382C21C49900329468 /* Assets.xcassets */ = {isa = PBXFileReference; lastKnownFileType = folder.assetcatalog; path = Assets.xcassets; sourceTree = "<group>"; };
		C519253B2C21C49900329468 /* Base */ = {isa = PBXFileReference; lastKnownFileType = file.storyboard; name = Base; path = Base.lproj/LaunchScreen.storyboard; sourceTree = "<group>"; };
		C519253D2C21C49900329468 /* Info.plist */ = {isa = PBXFileReference; lastKnownFileType = text.plist.xml; path = Info.plist; sourceTree = "<group>"; };
/* End PBXFileReference section */

/* Begin PBXFrameworksBuildPhase section */
		C51925292C21C49800329468 /* Frameworks */ = {
			isa = PBXFrameworksBuildPhase;
			buildActionMask = 2147483647;
			files = (
				C55653562C2203B500E6DC6C /* SnapKit in Frameworks */,
			);
			runOnlyForDeploymentPostprocessing = 0;
		};
/* End PBXFrameworksBuildPhase section */

/* Begin PBXGroup section */
		C51925232C21C49800329468 = {
			isa = PBXGroup;
			children = (
				C519252E2C21C49800329468 /* iOS13-HW12-AnnaButskevich */,
				C519252D2C21C49800329468 /* Products */,
			);
			sourceTree = "<group>";
		};
		C519252D2C21C49800329468 /* Products */ = {
			isa = PBXGroup;
			children = (
				C519252C2C21C49800329468 /* iOS13-HW12-AnnaButskevich.app */,
			);
			name = Products;
			sourceTree = "<group>";
		};
		C519252E2C21C49800329468 /* iOS13-HW12-AnnaButskevich */ = {
			isa = PBXGroup;
			children = (
				C51925452C21CDE700329468 /* Resources */,
				C51925442C21CD4C00329468 /* Sources */,
				C51925332C21C49800329468 /* ViewController.swift */,
			);
			path = "iOS13-HW12-AnnaButskevich";
			sourceTree = "<group>";
		};
		C51925432C21CC9500329468 /* Storyboard */ = {
			isa = PBXGroup;
			children = (
				C519253A2C21C49900329468 /* LaunchScreen.storyboard */,
			);
			path = Storyboard;
			sourceTree = "<group>";
		};
		C51925442C21CD4C00329468 /* Sources */ = {
			isa = PBXGroup;
			children = (
				C51925432C21CC9500329468 /* Storyboard */,
				C51925492C21CEBC00329468 /* App */,
			);
			path = Sources;
			sourceTree = "<group>";
		};
		C51925452C21CDE700329468 /* Resources */ = {
			isa = PBXGroup;
			children = (
				C51925382C21C49900329468 /* Assets.xcassets */,
				C51925482C21CE3E00329468 /* Configuration */,
			);
			path = Resources;
			sourceTree = "<group>";
		};
		C51925482C21CE3E00329468 /* Configuration */ = {
			isa = PBXGroup;
			children = (
				C519253D2C21C49900329468 /* Info.plist */,
			);
			path = Configuration;
			sourceTree = "<group>";
		};
		C51925492C21CEBC00329468 /* App */ = {
			isa = PBXGroup;
			children = (
				C519252F2C21C49800329468 /* AppDelegate.swift */,
				C51925312C21C49800329468 /* SceneDelegate.swift */,
			);
			path = App;
			sourceTree = "<group>";
		};
/* End PBXGroup section */

/* Begin PBXNativeTarget section */
		C519252B2C21C49800329468 /* iOS13-HW12-AnnaButskevich */ = {
			isa = PBXNativeTarget;
			buildConfigurationList = C51925402C21C49900329468 /* Build configuration list for PBXNativeTarget "iOS13-HW12-AnnaButskevich" */;
			buildPhases = (
				C51925282C21C49800329468 /* Sources */,
				C51925292C21C49800329468 /* Frameworks */,
				C519252A2C21C49800329468 /* Resources */,
			);
			buildRules = (
			);
			dependencies = (
			);
			name = "iOS13-HW12-AnnaButskevich";
			packageProductDependencies = (
				C55653552C2203B500E6DC6C /* SnapKit */,
			);
			productName = "iOS13-HW12-AnnaButskevich";
			productReference = C519252C2C21C49800329468 /* iOS13-HW12-AnnaButskevich.app */;
			productType = "com.apple.product-type.application";
		};
/* End PBXNativeTarget section */

/* Begin PBXProject section */
		C51925242C21C49800329468 /* Project object */ = {
			isa = PBXProject;
			attributes = {
				BuildIndependentTargetsInParallel = 1;
				LastSwiftUpdateCheck = 1540;
				LastUpgradeCheck = 1540;
				TargetAttributes = {
					C519252B2C21C49800329468 = {
						CreatedOnToolsVersion = 15.4;
					};
				};
			};
			buildConfigurationList = C51925272C21C49800329468 /* Build configuration list for PBXProject "iOS13-HW12-AnnaButskevich" */;
			compatibilityVersion = "Xcode 14.0";
			developmentRegion = en;
			hasScannedForEncodings = 0;
			knownRegions = (
				en,
				Base,
			);
			mainGroup = C51925232C21C49800329468;
			packageReferences = (
				C55653542C2203B500E6DC6C /* XCRemoteSwiftPackageReference "SnapKit" */,
			);
			productRefGroup = C519252D2C21C49800329468 /* Products */;
			projectDirPath = "";
			projectRoot = "";
			targets = (
				C519252B2C21C49800329468 /* iOS13-HW12-AnnaButskevich */,
			);
		};
/* End PBXProject section */

/* Begin PBXResourcesBuildPhase section */
		C519252A2C21C49800329468 /* Resources */ = {
			isa = PBXResourcesBuildPhase;
			buildActionMask = 2147483647;
			files = (
				C51925392C21C49900329468 /* Assets.xcassets in Resources */,
				C519253C2C21C49900329468 /* Base in Resources */,
			);
			runOnlyForDeploymentPostprocessing = 0;
		};
/* End PBXResourcesBuildPhase section */

/* Begin PBXSourcesBuildPhase section */
		C51925282C21C49800329468 /* Sources */ = {
			isa = PBXSourcesBuildPhase;
			buildActionMask = 2147483647;
			files = (
				C51925342C21C49800329468 /* ViewController.swift in Sources */,
				C51925302C21C49800329468 /* AppDelegate.swift in Sources */,
				C51925322C21C49800329468 /* SceneDelegate.swift in Sources */,
			);
			runOnlyForDeploymentPostprocessing = 0;
		};
/* End PBXSourcesBuildPhase section */

/* Begin PBXVariantGroup section */
		C519253A2C21C49900329468 /* LaunchScreen.storyboard */ = {
			isa = PBXVariantGroup;
			children = (
				C519253B2C21C49900329468 /* Base */,
			);
			name = LaunchScreen.storyboard;
			sourceTree = "<group>";
		};
/* End PBXVariantGroup section */

/* Begin XCBuildConfiguration section */
		C519253E2C21C49900329468 /* Debug */ = {
			isa = XCBuildConfiguration;
			buildSettings = {
				ALWAYS_SEARCH_USER_PATHS = NO;
				ASSETCATALOG_COMPILER_GENERATE_SWIFT_ASSET_SYMBOL_EXTENSIONS = YES;
				CLANG_ANALYZER_NONNULL = YES;
				CLANG_ANALYZER_NUMBER_OBJECT_CONVERSION = YES_AGGRESSIVE;
				CLANG_CXX_LANGUAGE_STANDARD = "gnu++20";
				CLANG_ENABLE_MODULES = YES;
				CLANG_ENABLE_OBJC_ARC = YES;
				CLANG_ENABLE_OBJC_WEAK = YES;
				CLANG_WARN_BLOCK_CAPTURE_AUTORELEASING = YES;
				CLANG_WARN_BOOL_CONVERSION = YES;
				CLANG_WARN_COMMA = YES;
				CLANG_WARN_CONSTANT_CONVERSION = YES;
				CLANG_WARN_DEPRECATED_OBJC_IMPLEMENTATIONS = YES;
				CLANG_WARN_DIRECT_OBJC_ISA_USAGE = YES_ERROR;
				CLANG_WARN_DOCUMENTATION_COMMENTS = YES;
				CLANG_WARN_EMPTY_BODY = YES;
				CLANG_WARN_ENUM_CONVERSION = YES;
				CLANG_WARN_INFINITE_RECURSION = YES;
				CLANG_WARN_INT_CONVERSION = YES;
				CLANG_WARN_NON_LITERAL_NULL_CONVERSION = YES;
				CLANG_WARN_OBJC_IMPLICIT_RETAIN_SELF = YES;
				CLANG_WARN_OBJC_LITERAL_CONVERSION = YES;
				CLANG_WARN_OBJC_ROOT_CLASS = YES_ERROR;
				CLANG_WARN_QUOTED_INCLUDE_IN_FRAMEWORK_HEADER = YES;
				CLANG_WARN_RANGE_LOOP_ANALYSIS = YES;
				CLANG_WARN_STRICT_PROTOTYPES = YES;
				CLANG_WARN_SUSPICIOUS_MOVE = YES;
				CLANG_WARN_UNGUARDED_AVAILABILITY = YES_AGGRESSIVE;
				CLANG_WARN_UNREACHABLE_CODE = YES;
				CLANG_WARN__DUPLICATE_METHOD_MATCH = YES;
				COPY_PHASE_STRIP = NO;
				DEBUG_INFORMATION_FORMAT = dwarf;
				ENABLE_STRICT_OBJC_MSGSEND = YES;
				ENABLE_TESTABILITY = YES;
				ENABLE_USER_SCRIPT_SANDBOXING = YES;
				GCC_C_LANGUAGE_STANDARD = gnu17;
				GCC_DYNAMIC_NO_PIC = NO;
				GCC_NO_COMMON_BLOCKS = YES;
				GCC_OPTIMIZATION_LEVEL = 0;
				GCC_PREPROCESSOR_DEFINITIONS = (
					"DEBUG=1",
					"$(inherited)",
				);
				GCC_WARN_64_TO_32_BIT_CONVERSION = YES;
				GCC_WARN_ABOUT_RETURN_TYPE = YES_ERROR;
				GCC_WARN_UNDECLARED_SELECTOR = YES;
				GCC_WARN_UNINITIALIZED_AUTOS = YES_AGGRESSIVE;
				GCC_WARN_UNUSED_FUNCTION = YES;
				GCC_WARN_UNUSED_VARIABLE = YES;
				IPHONEOS_DEPLOYMENT_TARGET = 17.5;
				LOCALIZATION_PREFERS_STRING_CATALOGS = YES;
				MTL_ENABLE_DEBUG_INFO = INCLUDE_SOURCE;
				MTL_FAST_MATH = YES;
				ONLY_ACTIVE_ARCH = YES;
				SDKROOT = iphoneos;
				SWIFT_ACTIVE_COMPILATION_CONDITIONS = "DEBUG $(inherited)";
				SWIFT_OPTIMIZATION_LEVEL = "-Onone";
			};
			name = Debug;
		};
		C519253F2C21C49900329468 /* Release */ = {
			isa = XCBuildConfiguration;
			buildSettings = {
				ALWAYS_SEARCH_USER_PATHS = NO;
				ASSETCATALOG_COMPILER_GENERATE_SWIFT_ASSET_SYMBOL_EXTENSIONS = YES;
				CLANG_ANALYZER_NONNULL = YES;
				CLANG_ANALYZER_NUMBER_OBJECT_CONVERSION = YES_AGGRESSIVE;
				CLANG_CXX_LANGUAGE_STANDARD = "gnu++20";
				CLANG_ENABLE_MODULES = YES;
				CLANG_ENABLE_OBJC_ARC = YES;
				CLANG_ENABLE_OBJC_WEAK = YES;
				CLANG_WARN_BLOCK_CAPTURE_AUTORELEASING = YES;
				CLANG_WARN_BOOL_CONVERSION = YES;
				CLANG_WARN_COMMA = YES;
				CLANG_WARN_CONSTANT_CONVERSION = YES;
				CLANG_WARN_DEPRECATED_OBJC_IMPLEMENTATIONS = YES;
				CLANG_WARN_DIRECT_OBJC_ISA_USAGE = YES_ERROR;
				CLANG_WARN_DOCUMENTATION_COMMENTS = YES;
				CLANG_WARN_EMPTY_BODY = YES;
				CLANG_WARN_ENUM_CONVERSION = YES;
				CLANG_WARN_INFINITE_RECURSION = YES;
				CLANG_WARN_INT_CONVERSION = YES;
				CLANG_WARN_NON_LITERAL_NULL_CONVERSION = YES;
				CLANG_WARN_OBJC_IMPLICIT_RETAIN_SELF = YES;
				CLANG_WARN_OBJC_LITERAL_CONVERSION = YES;
				CLANG_WARN_OBJC_ROOT_CLASS = YES_ERROR;
				CLANG_WARN_QUOTED_INCLUDE_IN_FRAMEWORK_HEADER = YES;
				CLANG_WARN_RANGE_LOOP_ANALYSIS = YES;
				CLANG_WARN_STRICT_PROTOTYPES = YES;
				CLANG_WARN_SUSPICIOUS_MOVE = YES;
				CLANG_WARN_UNGUARDED_AVAILABILITY = YES_AGGRESSIVE;
				CLANG_WARN_UNREACHABLE_CODE = YES;
				CLANG_WARN__DUPLICATE_METHOD_MATCH = YES;
				COPY_PHASE_STRIP = NO;
				DEBUG_INFORMATION_FORMAT = "dwarf-with-dsym";
				ENABLE_NS_ASSERTIONS = NO;
				ENABLE_STRICT_OBJC_MSGSEND = YES;
				ENABLE_USER_SCRIPT_SANDBOXING = YES;
				GCC_C_LANGUAGE_STANDARD = gnu17;
				GCC_NO_COMMON_BLOCKS = YES;
				GCC_WARN_64_TO_32_BIT_CONVERSION = YES;
				GCC_WARN_ABOUT_RETURN_TYPE = YES_ERROR;
				GCC_WARN_UNDECLARED_SELECTOR = YES;
				GCC_WARN_UNINITIALIZED_AUTOS = YES_AGGRESSIVE;
				GCC_WARN_UNUSED_FUNCTION = YES;
				GCC_WARN_UNUSED_VARIABLE = YES;
				IPHONEOS_DEPLOYMENT_TARGET = 17.5;
				LOCALIZATION_PREFERS_STRING_CATALOGS = YES;
				MTL_ENABLE_DEBUG_INFO = NO;
				MTL_FAST_MATH = YES;
				SDKROOT = iphoneos;
				SWIFT_COMPILATION_MODE = wholemodule;
				VALIDATE_PRODUCT = YES;
			};
			name = Release;
		};
		C51925412C21C49900329468 /* Debug */ = {
			isa = XCBuildConfiguration;
			buildSettings = {
				ASSETCATALOG_COMPILER_APPICON_NAME = AppIcon;
				ASSETCATALOG_COMPILER_GLOBAL_ACCENT_COLOR_NAME = AccentColor;
				CODE_SIGN_STYLE = Automatic;
				CURRENT_PROJECT_VERSION = 1;
				DEVELOPMENT_TEAM = 8LJ87735W7;
				GENERATE_INFOPLIST_FILE = YES;
				INFOPLIST_FILE = "iOS13-HW12-AnnaButskevich/Info.plist";
				INFOPLIST_KEY_UIApplicationSupportsIndirectInputEvents = YES;
				INFOPLIST_KEY_UILaunchStoryboardName = LaunchScreen;
				INFOPLIST_KEY_UISupportedInterfaceOrientations_iPad = "UIInterfaceOrientationPortrait UIInterfaceOrientationPortraitUpsideDown UIInterfaceOrientationLandscapeLeft UIInterfaceOrientationLandscapeRight";
				INFOPLIST_KEY_UISupportedInterfaceOrientations_iPhone = "UIInterfaceOrientationPortrait UIInterfaceOrientationLandscapeLeft UIInterfaceOrientationLandscapeRight";
				LD_RUNPATH_SEARCH_PATHS = (
					"$(inherited)",
					"@executable_path/Frameworks",
				);
				MARKETING_VERSION = 1.0;
				PRODUCT_BUNDLE_IDENTIFIER = "com.my.iOS13-HW12-AnnaButskevich";
				PRODUCT_NAME = "$(TARGET_NAME)";
				SWIFT_EMIT_LOC_STRINGS = YES;
				SWIFT_VERSION = 5.0;
				TARGETED_DEVICE_FAMILY = "1,2";
			};
			name = Debug;
		};
		C51925422C21C49900329468 /* Release */ = {
			isa = XCBuildConfiguration;
			buildSettings = {
				ASSETCATALOG_COMPILER_APPICON_NAME = AppIcon;
				ASSETCATALOG_COMPILER_GLOBAL_ACCENT_COLOR_NAME = AccentColor;
				CODE_SIGN_STYLE = Automatic;
				CURRENT_PROJECT_VERSION = 1;
				DEVELOPMENT_TEAM = 8LJ87735W7;
				GENERATE_INFOPLIST_FILE = YES;
				INFOPLIST_FILE = "iOS13-HW12-AnnaButskevich/Info.plist";
				INFOPLIST_KEY_UIApplicationSupportsIndirectInputEvents = YES;
				INFOPLIST_KEY_UILaunchStoryboardName = LaunchScreen;
				INFOPLIST_KEY_UISupportedInterfaceOrientations_iPad = "UIInterfaceOrientationPortrait UIInterfaceOrientationPortraitUpsideDown UIInterfaceOrientationLandscapeLeft UIInterfaceOrientationLandscapeRight";
				INFOPLIST_KEY_UISupportedInterfaceOrientations_iPhone = "UIInterfaceOrientationPortrait UIInterfaceOrientationLandscapeLeft UIInterfaceOrientationLandscapeRight";
				LD_RUNPATH_SEARCH_PATHS = (
					"$(inherited)",
					"@executable_path/Frameworks",
				);
				MARKETING_VERSION = 1.0;
				PRODUCT_BUNDLE_IDENTIFIER = "com.my.iOS13-HW12-AnnaButskevich";
				PRODUCT_NAME = "$(TARGET_NAME)";
				SWIFT_EMIT_LOC_STRINGS = YES;
				SWIFT_VERSION = 5.0;
				TARGETED_DEVICE_FAMILY = "1,2";
			};
			name = Release;
		};
/* End XCBuildConfiguration section */

/* Begin XCConfigurationList section */
		C51925272C21C49800329468 /* Build configuration list for PBXProject "iOS13-HW12-AnnaButskevich" */ = {
			isa = XCConfigurationList;
			buildConfigurations = (
				C519253E2C21C49900329468 /* Debug */,
				C519253F2C21C49900329468 /* Release */,
			);
			defaultConfigurationIsVisible = 0;
			defaultConfigurationName = Release;
		};
		C51925402C21C49900329468 /* Build configuration list for PBXNativeTarget "iOS13-HW12-AnnaButskevich" */ = {
			isa = XCConfigurationList;
			buildConfigurations = (
				C51925412C21C49900329468 /* Debug */,
				C51925422C21C49900329468 /* Release */,
			);
			defaultConfigurationIsVisible = 0;
			defaultConfigurationName = Release;
		};
/* End XCConfigurationList section */

/* Begin XCRemoteSwiftPackageReference section */
		C55653542C2203B500E6DC6C /* XCRemoteSwiftPackageReference "SnapKit" */ = {
			isa = XCRemoteSwiftPackageReference;
			repositoryURL = "https://github.com/SnapKit/SnapKit.git";
			requirement = {
				kind = upToNextMajorVersion;
				minimumVersion = 5.7.1;
			};
		};
/* End XCRemoteSwiftPackageReference section */

/* Begin XCSwiftPackageProductDependency section */
		C55653552C2203B500E6DC6C /* SnapKit */ = {
			isa = XCSwiftPackageProductDependency;
			package = C55653542C2203B500E6DC6C /* XCRemoteSwiftPackageReference "SnapKit" */;
			productName = SnapKit;
		};
/* End XCSwiftPackageProductDependency section */
	};
	rootObject = C51925242C21C49800329468 /* Project object */;
}
